
Microsoft Visual Studio Solution File, Format Version 12.00
# Visual Studio Version 17
VisualStudioVersion = 17.3.32922.545
MinimumVisualStudioVersion = 10.0.40219.1
Project("{FAE04EC0-301F-11D3-BF4B-00C04F79EFBC}") = "Trilha NET API Desafio", "Trilha NET API Desafio\Trilha NET API Desafio.csproj", "{FA9073F3-5CDD-4A47-8010-0E2B2D05B89E}"
EndProject
Global
	GlobalSection(SolutionConfigurationPlatforms) = preSolution
		Debug|Any CPU = Debug|Any CPU
		Release|Any CPU = Release|Any CPU
	EndGlobalSection
	GlobalSection(ProjectConfigurationPlatforms) = postSolution
		{FA9073F3-5CDD-4A47-8010-0E2B2D05B89E}.Debug|Any CPU.ActiveCfg = Debug|Any CPU
		{FA9073F3-5CDD-4A47-8010-0E2B2D05B89E}.Debug|Any CPU.Build.0 = Debug|Any CPU
		{FA9073F3-5CDD-4A47-8010-0E2B2D05B89E}.Release|Any CPU.ActiveCfg = Release|Any CPU
		{FA9073F3-5CDD-4A47-8010-0E2B2D05B89E}.Release|Any CPU.Build.0 = Release|Any CPU
	EndGlobalSection
	GlobalSection(SolutionProperties) = preSolution
		HideSolutionNode = FALSE
	EndGlobalSection
	GlobalSection(ExtensibilityGlobals) = postSolution
		SolutionGuid = {869C7B70-28AD-4680-93CB-0B9666F2306F}
	EndGlobalSection
EndGlobal
